
Microsoft Visual Studio Solution File, Format Version 12.00
# Visual Studio 15
VisualStudioVersion = 15.0.27703.2018
MinimumVisualStudioVersion = 10.0.40219.1
Project("{FAE04EC0-301F-11D3-BF4B-00C04F79EFBC}") = "Pcf.Config.Dotnet.Framework", "Pcf.Config.Dotnet.Framework\Pcf.Config.Dotnet.Framework.csproj", "{BE04B47D-7AEE-472B-BC92-21C083B5E859}"
EndProject
Global
	GlobalSection(SolutionConfigurationPlatforms) = preSolution
		Debug|Any CPU = Debug|Any CPU
		Release|Any CPU = Release|Any CPU
	EndGlobalSection
	GlobalSection(ProjectConfigurationPlatforms) = postSolution
		{BE04B47D-7AEE-472B-BC92-21C083B5E859}.Debug|Any CPU.ActiveCfg = Debug|Any CPU
		{BE04B47D-7AEE-472B-BC92-21C083B5E859}.Debug|Any CPU.Build.0 = Debug|Any CPU
		{BE04B47D-7AEE-472B-BC92-21C083B5E859}.Release|Any CPU.ActiveCfg = Release|Any CPU
		{BE04B47D-7AEE-472B-BC92-21C083B5E859}.Release|Any CPU.Build.0 = Release|Any CPU
	EndGlobalSection
	GlobalSection(SolutionProperties) = preSolution
		HideSolutionNode = FALSE
	EndGlobalSection
	GlobalSection(ExtensibilityGlobals) = postSolution
		SolutionGuid = {92F5B9AF-1D2C-46E3-BB86-C8D1A6EB4FF3}
	EndGlobalSection
EndGlobal
